
Microsoft Visual Studio Solution File, Format Version 12.00
# TcXaeShell Solution File, Format Version 11.00
VisualStudioVersion = 17.7.34302.85
MinimumVisualStudioVersion = 10.0.40219.1
Project("{FE7A1B72-C5B7-4D7C-BB7D-76384D4DE8E1}") = "TcHmiProject1", "TcHmiProject1.hmiproj", "{CD4C1211-E2C8-47C8-A617-86F2A8C31219}"
EndProject
Global
	GlobalSection(SolutionConfigurationPlatforms) = preSolution
		Debug|TwinCAT HMI = Debug|TwinCAT HMI
		Release|TwinCAT HMI = Release|TwinCAT HMI
	EndGlobalSection
	GlobalSection(ProjectConfigurationPlatforms) = postSolution
		{CD4C1211-E2C8-47C8-A617-86F2A8C31219}.Debug|TwinCAT HMI.ActiveCfg = Debug|TwinCAT HMI
		{CD4C1211-E2C8-47C8-A617-86F2A8C31219}.Debug|TwinCAT HMI.Build.0 = Debug|TwinCAT HMI
		{CD4C1211-E2C8-47C8-A617-86F2A8C31219}.Release|TwinCAT HMI.ActiveCfg = Release|TwinCAT HMI
		{CD4C1211-E2C8-47C8-A617-86F2A8C31219}.Release|TwinCAT HMI.Build.0 = Release|TwinCAT HMI
	EndGlobalSection
	GlobalSection(SolutionProperties) = preSolution
		HideSolutionNode = FALSE
	EndGlobalSection
	GlobalSection(ExtensibilityGlobals) = postSolution
		SolutionGuid = {3D2A7389-5CB5-4BD9-B29A-831C3D2E05B4}
	EndGlobalSection
EndGlobal
